
Microsoft Visual Studio Solution File, Format Version 12.00
# Visual Studio Version 16
VisualStudioVersion = 16.0.31112.23
MinimumVisualStudioVersion = 10.0.40219.1
Project("{FAE04EC0-301F-11D3-BF4B-00C04F79EFBC}") = "MyAsp", "MyAsp\MyAsp.csproj", "{EC3CCFAC-5F17-4286-B000-4243EBACB6D4}"
EndProject
Project("{FAE04EC0-301F-11D3-BF4B-00C04F79EFBC}") = "MyAsp.Core", "MyAsp.Core\MyAsp.Core.csproj", "{DFF5BAB5-BA0C-47F3-B498-F1A99B3FF41B}"
EndProject
Project("{FAE04EC0-301F-11D3-BF4B-00C04F79EFBC}") = "MyAsp.Data", "MyAsp.Data\MyAsp.Data.csproj", "{00D9F496-9FC4-427A-B412-1F293AB953DD}"
EndProject
Global
	GlobalSection(SolutionConfigurationPlatforms) = preSolution
		Debug|Any CPU = Debug|Any CPU
		Release|Any CPU = Release|Any CPU
	EndGlobalSection
	GlobalSection(ProjectConfigurationPlatforms) = postSolution
		{EC3CCFAC-5F17-4286-B000-4243EBACB6D4}.Debug|Any CPU.ActiveCfg = Debug|Any CPU
		{EC3CCFAC-5F17-4286-B000-4243EBACB6D4}.Debug|Any CPU.Build.0 = Debug|Any CPU
		{EC3CCFAC-5F17-4286-B000-4243EBACB6D4}.Release|Any CPU.ActiveCfg = Release|Any CPU
		{EC3CCFAC-5F17-4286-B000-4243EBACB6D4}.Release|Any CPU.Build.0 = Release|Any CPU
		{DFF5BAB5-BA0C-47F3-B498-F1A99B3FF41B}.Debug|Any CPU.ActiveCfg = Debug|Any CPU
		{DFF5BAB5-BA0C-47F3-B498-F1A99B3FF41B}.Debug|Any CPU.Build.0 = Debug|Any CPU
		{DFF5BAB5-BA0C-47F3-B498-F1A99B3FF41B}.Release|Any CPU.ActiveCfg = Release|Any CPU
		{DFF5BAB5-BA0C-47F3-B498-F1A99B3FF41B}.Release|Any CPU.Build.0 = Release|Any CPU
		{00D9F496-9FC4-427A-B412-1F293AB953DD}.Debug|Any CPU.ActiveCfg = Debug|Any CPU
		{00D9F496-9FC4-427A-B412-1F293AB953DD}.Debug|Any CPU.Build.0 = Debug|Any CPU
		{00D9F496-9FC4-427A-B412-1F293AB953DD}.Release|Any CPU.ActiveCfg = Release|Any CPU
		{00D9F496-9FC4-427A-B412-1F293AB953DD}.Release|Any CPU.Build.0 = Release|Any CPU
	EndGlobalSection
	GlobalSection(SolutionProperties) = preSolution
		HideSolutionNode = FALSE
	EndGlobalSection
	GlobalSection(ExtensibilityGlobals) = postSolution
		SolutionGuid = {531A3CBA-DB4B-4895-AE7E-E2F8687ED376}
	EndGlobalSection
EndGlobal
