
Microsoft Visual Studio Solution File, Format Version 12.00
# Visual Studio Version 16
VisualStudioVersion = 16.0.31112.23
MinimumVisualStudioVersion = 10.0.40219.1
Project("{9A19103F-16F7-4668-BE54-9A1E7A4F7556}") = "MyAsp", "MyAsp\MyAsp.csproj", "{EC3CCFAC-5F17-4286-B000-4243EBACB6D4}"
EndProject
Project("{9A19103F-16F7-4668-BE54-9A1E7A4F7556}") = "MyAsp.Core", "MyAsp.Core\MyAsp.Core.csproj", "{DFF5BAB5-BA0C-47F3-B498-F1A99B3FF41B}"
EndProject
Project("{9A19103F-16F7-4668-BE54-9A1E7A4F7556}") = "MyAsp.Data", "MyAsp.Data\MyAsp.Data.csproj", "{00D9F496-9FC4-427A-B412-1F293AB953DD}"
EndProject
Project("{2150E333-8FDC-42A3-9474-1A3956D46DE8}") = "Solution Items", "Solution Items", "{7945F426-57AC-405E-A0E8-0E4955A62E97}"
	ProjectSection(SolutionItems) = preProject
		Index.html = Index.html
	EndProjectSection
EndProject
Global
	GlobalSection(SolutionConfigurationPlatforms) = preSolution
		Debug|Any CPU = Debug|Any CPU
		Release|Any CPU = Release|Any CPU
	EndGlobalSection
	GlobalSection(ProjectConfigurationPlatforms) = postSolution
		{EC3CCFAC-5F17-4286-B000-4243EBACB6D4}.Debug|Any CPU.ActiveCfg = Debug|Any CPU
		{EC3CCFAC-5F17-4286-B000-4243EBACB6D4}.Debug|Any CPU.Build.0 = Debug|Any CPU
		{EC3CCFAC-5F17-4286-B000-4243EBACB6D4}.Release|Any CPU.ActiveCfg = Release|Any CPU
		{EC3CCFAC-5F17-4286-B000-4243EBACB6D4}.Release|Any CPU.Build.0 = Release|Any CPU
		{DFF5BAB5-BA0C-47F3-B498-F1A99B3FF41B}.Debug|Any CPU.ActiveCfg = Debug|Any CPU
		{DFF5BAB5-BA0C-47F3-B498-F1A99B3FF41B}.Debug|Any CPU.Build.0 = Debug|Any CPU
		{DFF5BAB5-BA0C-47F3-B498-F1A99B3FF41B}.Release|Any CPU.ActiveCfg = Release|Any CPU
		{DFF5BAB5-BA0C-47F3-B498-F1A99B3FF41B}.Release|Any CPU.Build.0 = Release|Any CPU
		{00D9F496-9FC4-427A-B412-1F293AB953DD}.Debug|Any CPU.ActiveCfg = Debug|Any CPU
		{00D9F496-9FC4-427A-B412-1F293AB953DD}.Debug|Any CPU.Build.0 = Debug|Any CPU
		{00D9F496-9FC4-427A-B412-1F293AB953DD}.Release|Any CPU.ActiveCfg = Release|Any CPU
		{00D9F496-9FC4-427A-B412-1F293AB953DD}.Release|Any CPU.Build.0 = Release|Any CPU
	EndGlobalSection
	GlobalSection(SolutionProperties) = preSolution
		HideSolutionNode = FALSE
	EndGlobalSection
	GlobalSection(ExtensibilityGlobals) = postSolution
		SolutionGuid = {531A3CBA-DB4B-4895-AE7E-E2F8687ED376}
	EndGlobalSection
EndGlobal
